
Microsoft Visual Studio Solution File, Format Version 12.00
# Visual Studio Version 16
VisualStudioVersion = 16.0.30626.31
MinimumVisualStudioVersion = 10.0.40219.1
Project("{9A19103F-16F7-4668-BE54-9A1E7A4F7556}") = "ocv", "ocv\ocv.csproj", "{34DB9CB3-97AB-4422-8501-B424AEB0B689}"
EndProject
Project("{9A19103F-16F7-4668-BE54-9A1E7A4F7556}") = "CVSobel", "CVSobel\CVSobel.csproj", "{01A0B491-5C03-4152-9845-DFF544DA0BAB}"
EndProject
Project("{9A19103F-16F7-4668-BE54-9A1E7A4F7556}") = "CVLaplacian", "CVLanplacian\CVLaplacian.csproj", "{D8E3C54A-CD1E-43C5-B9E5-39227320B224}"
EndProject
Project("{9A19103F-16F7-4668-BE54-9A1E7A4F7556}") = "CVCanny", "CVCanny\CVCanny.csproj", "{DDC2EDAE-AC16-4C15-AE50-5FDADEA31961}"
EndProject
Project("{2150E333-8FDC-42A3-9474-1A3956D46DE8}") = "边缘检测", "边缘检测", "{7FE6FCD7-0CB7-4C69-B1D2-2E7E6F0E5112}"
EndProject
Project("{2150E333-8FDC-42A3-9474-1A3956D46DE8}") = "模板匹配", "模板匹配", "{D7E0E924-1AE3-4AB5-92B7-FD60EDAF4D93}"
EndProject
Project("{9A19103F-16F7-4668-BE54-9A1E7A4F7556}") = "CVTemplate", "CVTemplate\CVTemplate.csproj", "{1D6BF5C9-B581-479E-9B66-AB04968E82BB}"
EndProject
Project("{2150E333-8FDC-42A3-9474-1A3956D46DE8}") = "角点检测", "角点检测", "{D3F76565-6E1C-41EC-B6B1-0D0CB1AFDFBF}"
EndProject
Project("{2150E333-8FDC-42A3-9474-1A3956D46DE8}") = "SIFT", "SIFT", "{087D1749-C697-4D0B-8413-E7D125BE22C0}"
EndProject
Project("{FAE04EC0-301F-11D3-BF4B-00C04F79EFBC}") = "CVSIFT", "CVSIFT\CVSIFT.csproj", "{2A28B264-8EC0-4C68-83AA-7E87770EF173}"
EndProject
Project("{2150E333-8FDC-42A3-9474-1A3956D46DE8}") = "直方图", "直方图", "{258D9594-7B20-4862-8D7D-4422CA7C163D}"
EndProject
Project("{FAE04EC0-301F-11D3-BF4B-00C04F79EFBC}") = "CVHist", "CVHist\CVHist.csproj", "{714E2193-21AD-4EB4-AFC4-2F88FBEE3437}"
EndProject
Global
	GlobalSection(SolutionConfigurationPlatforms) = preSolution
		Debug|Any CPU = Debug|Any CPU
		Release|Any CPU = Release|Any CPU
	EndGlobalSection
	GlobalSection(ProjectConfigurationPlatforms) = postSolution
		{34DB9CB3-97AB-4422-8501-B424AEB0B689}.Debug|Any CPU.ActiveCfg = Debug|Any CPU
		{34DB9CB3-97AB-4422-8501-B424AEB0B689}.Debug|Any CPU.Build.0 = Debug|Any CPU
		{34DB9CB3-97AB-4422-8501-B424AEB0B689}.Release|Any CPU.ActiveCfg = Release|Any CPU
		{34DB9CB3-97AB-4422-8501-B424AEB0B689}.Release|Any CPU.Build.0 = Release|Any CPU
		{01A0B491-5C03-4152-9845-DFF544DA0BAB}.Debug|Any CPU.ActiveCfg = Debug|Any CPU
		{01A0B491-5C03-4152-9845-DFF544DA0BAB}.Debug|Any CPU.Build.0 = Debug|Any CPU
		{01A0B491-5C03-4152-9845-DFF544DA0BAB}.Release|Any CPU.ActiveCfg = Release|Any CPU
		{01A0B491-5C03-4152-9845-DFF544DA0BAB}.Release|Any CPU.Build.0 = Release|Any CPU
		{D8E3C54A-CD1E-43C5-B9E5-39227320B224}.Debug|Any CPU.ActiveCfg = Debug|Any CPU
		{D8E3C54A-CD1E-43C5-B9E5-39227320B224}.Debug|Any CPU.Build.0 = Debug|Any CPU
		{D8E3C54A-CD1E-43C5-B9E5-39227320B224}.Release|Any CPU.ActiveCfg = Release|Any CPU
		{D8E3C54A-CD1E-43C5-B9E5-39227320B224}.Release|Any CPU.Build.0 = Release|Any CPU
		{DDC2EDAE-AC16-4C15-AE50-5FDADEA31961}.Debug|Any CPU.ActiveCfg = Debug|Any CPU
		{DDC2EDAE-AC16-4C15-AE50-5FDADEA31961}.Debug|Any CPU.Build.0 = Debug|Any CPU
		{DDC2EDAE-AC16-4C15-AE50-5FDADEA31961}.Release|Any CPU.ActiveCfg = Release|Any CPU
		{DDC2EDAE-AC16-4C15-AE50-5FDADEA31961}.Release|Any CPU.Build.0 = Release|Any CPU
		{1D6BF5C9-B581-479E-9B66-AB04968E82BB}.Debug|Any CPU.ActiveCfg = Debug|Any CPU
		{1D6BF5C9-B581-479E-9B66-AB04968E82BB}.Debug|Any CPU.Build.0 = Debug|Any CPU
		{1D6BF5C9-B581-479E-9B66-AB04968E82BB}.Release|Any CPU.ActiveCfg = Release|Any CPU
		{1D6BF5C9-B581-479E-9B66-AB04968E82BB}.Release|Any CPU.Build.0 = Release|Any CPU
		{2A28B264-8EC0-4C68-83AA-7E87770EF173}.Debug|Any CPU.ActiveCfg = Debug|Any CPU
		{2A28B264-8EC0-4C68-83AA-7E87770EF173}.Debug|Any CPU.Build.0 = Debug|Any CPU
		{2A28B264-8EC0-4C68-83AA-7E87770EF173}.Release|Any CPU.ActiveCfg = Release|Any CPU
		{2A28B264-8EC0-4C68-83AA-7E87770EF173}.Release|Any CPU.Build.0 = Release|Any CPU
		{714E2193-21AD-4EB4-AFC4-2F88FBEE3437}.Debug|Any CPU.ActiveCfg = Debug|Any CPU
		{714E2193-21AD-4EB4-AFC4-2F88FBEE3437}.Debug|Any CPU.Build.0 = Debug|Any CPU
		{714E2193-21AD-4EB4-AFC4-2F88FBEE3437}.Release|Any CPU.ActiveCfg = Release|Any CPU
		{714E2193-21AD-4EB4-AFC4-2F88FBEE3437}.Release|Any CPU.Build.0 = Release|Any CPU
	EndGlobalSection
	GlobalSection(SolutionProperties) = preSolution
		HideSolutionNode = FALSE
	EndGlobalSection
	GlobalSection(NestedProjects) = preSolution
		{01A0B491-5C03-4152-9845-DFF544DA0BAB} = {7FE6FCD7-0CB7-4C69-B1D2-2E7E6F0E5112}
		{D8E3C54A-CD1E-43C5-B9E5-39227320B224} = {7FE6FCD7-0CB7-4C69-B1D2-2E7E6F0E5112}
		{DDC2EDAE-AC16-4C15-AE50-5FDADEA31961} = {7FE6FCD7-0CB7-4C69-B1D2-2E7E6F0E5112}
		{1D6BF5C9-B581-479E-9B66-AB04968E82BB} = {D7E0E924-1AE3-4AB5-92B7-FD60EDAF4D93}
		{2A28B264-8EC0-4C68-83AA-7E87770EF173} = {087D1749-C697-4D0B-8413-E7D125BE22C0}
		{714E2193-21AD-4EB4-AFC4-2F88FBEE3437} = {258D9594-7B20-4862-8D7D-4422CA7C163D}
	EndGlobalSection
	GlobalSection(ExtensibilityGlobals) = postSolution
		SolutionGuid = {DEEE9160-C56C-45C9-976A-9BDE933B1550}
	EndGlobalSection
EndGlobal
